
Microsoft Visual Studio Solution File, Format Version 12.00
# Visual Studio Version 17
VisualStudioVersion = 17.7.34202.233
MinimumVisualStudioVersion = 10.0.40219.1
Project("{FAE04EC0-301F-11D3-BF4B-00C04F79EFBC}") = "ContentEnricher", "ContentEnricher\ContentEnricher.csproj", "{C8ECF8A7-6024-425D-A53F-2E967EA67828}"
EndProject
Global
	GlobalSection(SolutionConfigurationPlatforms) = preSolution
		Debug|Any CPU = Debug|Any CPU
		Release|Any CPU = Release|Any CPU
	EndGlobalSection
	GlobalSection(ProjectConfigurationPlatforms) = postSolution
		{C8ECF8A7-6024-425D-A53F-2E967EA67828}.Debug|Any CPU.ActiveCfg = Debug|Any CPU
		{C8ECF8A7-6024-425D-A53F-2E967EA67828}.Debug|Any CPU.Build.0 = Debug|Any CPU
		{C8ECF8A7-6024-425D-A53F-2E967EA67828}.Release|Any CPU.ActiveCfg = Release|Any CPU
		{C8ECF8A7-6024-425D-A53F-2E967EA67828}.Release|Any CPU.Build.0 = Release|Any CPU
	EndGlobalSection
	GlobalSection(SolutionProperties) = preSolution
		HideSolutionNode = FALSE
	EndGlobalSection
	GlobalSection(ExtensibilityGlobals) = postSolution
		SolutionGuid = {8D0B3D5F-E776-4885-85D9-2292415250F3}
	EndGlobalSection
EndGlobal
